{
  "version": 4,
  "terraform_version": "1.5.7",
  "serial": 32,
  "lineage": "87cb80f9-4c2c-c13c-02de-dc9229fc1bf2",
  "outputs": {
    "alb_dns_name": {
      "value": "quest-alb-1637588006.us-east-1.elb.amazonaws.com",
      "type": "string"
    }
  },
  "resources": [
    {
      "mode": "data",
      "type": "aws_availability_zones",
      "name": "available",
      "provider": "provider[\"registry.terraform.io/hashicorp/aws\"]",
      "instances": [
        {
          "schema_version": 0,
          "attributes": {
            "all_availability_zones": null,
            "exclude_names": null,
            "exclude_zone_ids": null,
            "filter": null,
            "group_names": [
              "us-east-1-zg-1"
            ],
            "id": "us-east-1",
            "names": [
              "us-east-1a",
              "us-east-1b",
              "us-east-1c",
              "us-east-1d",
              "us-east-1e",
              "us-east-1f"
            ],
            "region": "us-east-1",
            "state": null,
            "timeouts": null,
            "zone_ids": [
              "use1-az1",
              "use1-az2",
              "use1-az4",
              "use1-az6",
              "use1-az3",
              "use1-az5"
            ]
          },
          "sensitive_attributes": []
        }
      ]
    },
    {
      "mode": "managed",
      "type": "aws_acm_certificate",
      "name": "cert",
      "provider": "provider[\"registry.terraform.io/hashicorp/aws\"]",
      "instances": [
        {
          "schema_version": 0,
          "attributes": {
            "arn": "arn:aws:acm:us-east-1:621740476497:certificate/b97631ee-3086-4f25-b225-7dc5e8415e80",
            "certificate_authority_arn": "",
            "certificate_body": "-----BEGIN CERTIFICATE-----\nMIIDJTCCAg2gAwIBAgIQJR7bbo5ogbBE0Wina2sJXDANBgkqhkiG9w0BAQsFADAz\nMRswGQYDVQQKExJRdWVzdCBPcmdhbml6YXRpb24xFDASBgNVBAMTC3F1ZXN0Lmxv\nY2FsMB4XDTI1MTIwODE4NDY0OVoXDTI2MTIwODE4NDY0OVowMzEbMBkGA1UEChMS\nUXVlc3QgT3JnYW5pemF0aW9uMRQwEgYDVQQDEwtxdWVzdC5sb2NhbDCCASIwDQYJ\nKoZIhvcNAQEBBQADggEPADCCAQoCggEBAK8dcoU1tBwmpLFmNG+MIOnrlb3Rk21a\nxBgDatqREF1e2aA3Y6kEgCIFYgASlKkhTKflk19WPjYG218yKyxo3IwsGZ5feE1j\nhR5+h9bbxa31zdD8z2oxmCoT8W3NC9zCJqwiTl0OAAZyIw95MMav3spIu2gf1nI/\nrfG/rJxyrkQm54OhcW0VUligKgr4W/mdtxJWnSxMZxdqRZ457Qr1IrNVin3XNWjA\niXdgYchPhtr9np3TfdgR0Vm88wUs0P9re3x7vHBc3v6UAs6zezABEKfe7dfAreMJ\nYWUo2306G+601SGNmAJ5Y7Jh8goebvzDg2ZVjIQy2KkSxuJQ4yXVtOMCAwEAAaM1\nMDMwDgYDVR0PAQH/BAQDAgWgMBMGA1UdJQQMMAoGCCsGAQUFBwMBMAwGA1UdEwEB\n/wQCMAAwDQYJKoZIhvcNAQELBQADggEBADxeAonFt7tcsvNAK7/FvVqDPtH//G8h\nrowQEFBZjKk581LZrRcj2EClsRZ/m248BEivPKEshWsaHypSH8fwf5vPgLc/CQDA\nmYtBfJZYcHat3/VzrGhQX+C1cr9HDOHt0somQW9u810zc8SeBUe8Mp18rXRVYzDb\nT3r5pFggoxxC7kbArSv7nyv0A5oufbA6t5bA31fx6teUiCYiOtcSZhkyX6kzRmlg\njcqOAZ1x65WWH1wTmcsoL6Z4z8MdigmsI1g07qFtZ73yJBJvYRb2qJySjhCQuTMS\n2iUNVJ7UMaMTczUEUf9eNUXCmQpvgGjux5A/WP7TeSZKrpCd4yxdr70=\n-----END CERTIFICATE-----\n",
            "certificate_chain": null,
            "domain_name": "quest.local",
            "domain_validation_options": [],
            "early_renewal_duration": "",
            "id": "arn:aws:acm:us-east-1:621740476497:certificate/b97631ee-3086-4f25-b225-7dc5e8415e80",
            "key_algorithm": "RSA_2048",
            "not_after": "2026-12-08T18:46:49Z",
            "not_before": "2025-12-08T18:46:49Z",
            "options": [
              {
                "certificate_transparency_logging_preference": "DISABLED",
                "export": "DISABLED"
              }
            ],
            "pending_renewal": false,
            "private_key": "-----BEGIN RSA PRIVATE KEY-----\nMIIEpAIBAAKCAQEArx1yhTW0HCaksWY0b4wg6euVvdGTbVrEGANq2pEQXV7ZoDdj\nqQSAIgViABKUqSFMp+WTX1Y+NgbbXzIrLGjcjCwZnl94TWOFHn6H1tvFrfXN0PzP\najGYKhPxbc0L3MImrCJOXQ4ABnIjD3kwxq/eyki7aB/Wcj+t8b+snHKuRCbng6Fx\nbRVSWKAqCvhb+Z23EladLExnF2pFnjntCvUis1WKfdc1aMCJd2BhyE+G2v2endN9\n2BHRWbzzBSzQ/2t7fHu8cFze/pQCzrN7MAEQp97t18Ct4wlhZSjbfTob7rTVIY2Y\nAnljsmHyCh5u/MODZlWMhDLYqRLG4lDjJdW04wIDAQABAoIBADvQwTeDWpxrDsKR\n+MNJiEye7i1Ckys9X9IcCLnT51UdexThFqe7I9F7KTiBIEqNV1PadXaRTPrDaNeh\nmWG4B+3ReobAcaVtoyEBc4EO3P1JAx6p3GeXvTRST5uD+NNVdkRCC6Z5i8Sn5BX6\n/ZBArsdGBM3SYjvwSIhVQq7F9YTNfCeQPa490+nGe2KM4SxADomINcRS2QwXe2d6\n/3TdqxfeMXePcUI/fEO0Ke03mJH21a/O3dsWAvW4ZKY7ohfC3h8r1GyvfbGdAoMy\nQ41p6BZVG2cZdyPYsBkih9RbXkjhw1yFBuxF2C07Pq3+cVRa54qO6Czfrk+vkZ/v\nO2j866ECgYEA5A9HiF8iuq9eoi/xa1EA2lK3akiPb+/TsZVX5/ieoUSZa/1V3ARc\nJatNUlNkEHAqW411448929gR/zFzGpFDRGSk+lMoxgWvdudeOrYwAg4vxvpYRRRU\nlXXWouPHCA1ulT2C9uVhkuuDknIvEscHNb9cDKVSVQEUiO0zL91cVIsCgYEAxJGl\nHsv99S/fa/yCA7KX75lrA6GQZW4SaPTvNLbikhxzmfb95c2vCU3dblt+AJazEB8z\n70xULP7ldA9e9HzIqODJtArQ2qKLh4hoXSMvkUj1DMoAwNj0YT3awKbFFljkOEV4\nKsMP8U+CXNWyqsl7fKLl+1VIudKyCtKX3ToPtAkCgYEAqU8mnflzAQFc0i+hnThf\n17V88Wy5ADMeCEKFJnQO4E7bT66d5V9fQZ/xIWNDcGi1KY7VrIEVPXcltTzy5RBe\nzhGh4S2Hoatq3m1aKWBEN+JsWd5VVcOIIAWBuSA9DJ9cL3OhHMaiL76kyT338IrN\nsXtFTSYW/4BzzEu8qpY+C40CgYBZG6EbteO5G2uP21bg8Dv6DLU7XylDIcPMuoQZ\nhHJvQ+CPwizU2QnpENg5Z9ZV0/r2av6zEwnxn9dKZpFoCY05KTWmnWSSSC8yUH7n\nAcVVehpEIup2gaM+1bhtruwXNlK2w58221hFzwJMrT8iNtX46SuSZNXkDwRQ7aiU\nS/bEaQKBgQCpo0VWFdALRS9rUu1oSPI2fH5ZFosXwPSmxa3oFw1XTGrJIewYAT2F\nAfXAbUMk+FBexRtvKZZmZDx9ZMx7ehwFTsXx+UIcfGb3cBl8OCxJ0dqMyKx4gDo2\n4k3QdedrsgE7VKPAwy2p7RC8ye/3tkXIjYvBFrWG2itQ6k6Y1cB9Zw==\n-----END RSA PRIVATE KEY-----\n",
            "region": "us-east-1",
            "renewal_eligibility": "INELIGIBLE",
            "renewal_summary": [],
            "status": "ISSUED",
            "subject_alternative_names": [
              "quest.local"
            ],
            "tags": {},
            "tags_all": {},
            "type": "IMPORTED",
            "validation_emails": [],
            "validation_method": "NONE",
            "validation_option": []
          },
          "sensitive_attributes": [
            [
              {
                "type": "get_attr",
                "value": "private_key"
              }
            ]
          ],
          "private": "bnVsbA==",
          "dependencies": [
            "tls_private_key.example",
            "tls_self_signed_cert.example"
          ]
        }
      ]
    },
    {
      "mode": "managed",
      "type": "aws_cloudwatch_log_group",
      "name": "quest_logs",
      "provider": "provider[\"registry.terraform.io/hashicorp/aws\"]",
      "instances": [
        {
          "schema_version": 0,
          "attributes": {
            "arn": "arn:aws:logs:us-east-1:621740476497:log-group:/ecs/quest-app",
            "deletion_protection_enabled": false,
            "id": "/ecs/quest-app",
            "kms_key_id": "",
            "log_group_class": "STANDARD",
            "name": "/ecs/quest-app",
            "name_prefix": "",
            "region": "us-east-1",
            "retention_in_days": 7,
            "skip_destroy": false,
            "tags": {},
            "tags_all": {}
          },
          "sensitive_attributes": [],
          "private": "bnVsbA=="
        }
      ]
    },
    {
      "mode": "managed",
      "type": "aws_ecr_lifecycle_policy",
      "name": "cleanup",
      "provider": "provider[\"registry.terraform.io/hashicorp/aws\"]",
      "instances": [
        {
          "schema_version": 0,
          "attributes": {
            "id": "quest-app",
            "policy": "{\"rules\":[{\"action\":{\"type\":\"expire\"},\"description\":\"Expire untagged images older than 7 days\",\"rulePriority\":1,\"selection\":{\"countNumber\":7,\"countType\":\"sinceImagePushed\",\"countUnit\":\"days\",\"tagStatus\":\"untagged\"}}]}",
            "region": "us-east-1",
            "registry_id": "621740476497",
            "repository": "quest-app"
          },
          "sensitive_attributes": [],
          "private": "bnVsbA==",
          "dependencies": [
            "aws_ecr_repository.app_repo"
          ]
        }
      ]
    },
    {
      "mode": "managed",
      "type": "aws_ecr_repository",
      "name": "app_repo",
      "provider": "provider[\"registry.terraform.io/hashicorp/aws\"]",
      "instances": [
        {
          "schema_version": 0,
          "attributes": {
            "arn": "arn:aws:ecr:us-east-1:621740476497:repository/quest-app",
            "encryption_configuration": [
              {
                "encryption_type": "AES256",
                "kms_key": ""
              }
            ],
            "force_delete": null,
            "id": "quest-app",
            "image_scanning_configuration": [
              {
                "scan_on_push": true
              }
            ],
            "image_tag_mutability": "MUTABLE",
            "image_tag_mutability_exclusion_filter": [],
            "name": "quest-app",
            "region": "us-east-1",
            "registry_id": "621740476497",
            "repository_url": "621740476497.dkr.ecr.us-east-1.amazonaws.com/quest-app",
            "tags": {},
            "tags_all": {},
            "timeouts": null
          },
          "sensitive_attributes": [],
          "private": "eyJlMmJmYjczMC1lY2FhLTExZTYtOGY4OC0zNDM2M2JjN2M0YzAiOnsiZGVsZXRlIjoxMjAwMDAwMDAwMDAwfX0="
        }
      ]
    },
    {
      "mode": "managed",
      "type": "aws_ecs_cluster",
      "name": "main",
      "provider": "provider[\"registry.terraform.io/hashicorp/aws\"]",
      "instances": [
        {
          "schema_version": 0,
          "attributes": {
            "arn": "arn:aws:ecs:us-east-1:621740476497:cluster/quest-cluster",
            "configuration": [],
            "id": "arn:aws:ecs:us-east-1:621740476497:cluster/quest-cluster",
            "name": "quest-cluster",
            "region": "us-east-1",
            "service_connect_defaults": [],
            "setting": [
              {
                "name": "containerInsights",
                "value": "disabled"
              }
            ],
            "tags": {},
            "tags_all": {}
          },
          "sensitive_attributes": [],
          "private": "bnVsbA=="
        }
      ]
    },
    {
      "mode": "managed",
      "type": "aws_ecs_service",
      "name": "app",
      "provider": "provider[\"registry.terraform.io/hashicorp/aws\"]",
      "instances": [
        {
          "schema_version": 1,
          "attributes": {
            "alarms": [],
            "arn": "arn:aws:ecs:us-east-1:621740476497:service/quest-cluster/quest-service",
            "availability_zone_rebalancing": "ENABLED",
            "capacity_provider_strategy": [],
            "cluster": "arn:aws:ecs:us-east-1:621740476497:cluster/quest-cluster",
            "deployment_circuit_breaker": [
              {
                "enable": false,
                "rollback": false
              }
            ],
            "deployment_configuration": [
              {
                "bake_time_in_minutes": "0",
                "canary_configuration": [],
                "lifecycle_hook": [],
                "linear_configuration": [],
                "strategy": "ROLLING"
              }
            ],
            "deployment_controller": [
              {
                "type": "ECS"
              }
            ],
            "deployment_maximum_percent": 200,
            "deployment_minimum_healthy_percent": 100,
            "desired_count": 1,
            "enable_ecs_managed_tags": false,
            "enable_execute_command": false,
            "force_delete": null,
            "force_new_deployment": null,
            "health_check_grace_period_seconds": 0,
            "iam_role": "/aws-service-role/ecs.amazonaws.com/AWSServiceRoleForECS",
            "id": "arn:aws:ecs:us-east-1:621740476497:service/quest-cluster/quest-service",
            "launch_type": "FARGATE",
            "load_balancer": [
              {
                "advanced_configuration": [],
                "container_name": "quest-app-container",
                "container_port": 3000,
                "elb_name": "",
                "target_group_arn": "arn:aws:elasticloadbalancing:us-east-1:621740476497:targetgroup/quest-tg/033978fa8aae0e25"
              }
            ],
            "name": "quest-service",
            "network_configuration": [
              {
                "assign_public_ip": true,
                "security_groups": [
                  "sg-07c16b0bdf3313d35"
                ],
                "subnets": [
                  "subnet-0212b96bab35aed6c",
                  "subnet-0854b78ef142b128e"
                ]
              }
            ],
            "ordered_placement_strategy": [],
            "placement_constraints": [],
            "platform_version": "LATEST",
            "propagate_tags": "NONE",
            "region": "us-east-1",
            "scheduling_strategy": "REPLICA",
            "service_connect_configuration": [],
            "service_registries": [],
            "sigint_rollback": null,
            "tags": {},
            "tags_all": {},
            "task_definition": "arn:aws:ecs:us-east-1:621740476497:task-definition/quest-app-task:1",
            "timeouts": null,
            "triggers": {},
            "volume_configuration": [],
            "vpc_lattice_configurations": [],
            "wait_for_steady_state": false
          },
          "sensitive_attributes": [],
          "private": "eyJlMmJmYjczMC1lY2FhLTExZTYtOGY4OC0zNDM2M2JjN2M0YzAiOnsiY3JlYXRlIjoxMjAwMDAwMDAwMDAwLCJkZWxldGUiOjEyMDAwMDAwMDAwMDAsInVwZGF0ZSI6MTIwMDAwMDAwMDAwMH0sInNjaGVtYV92ZXJzaW9uIjoiMSJ9",
          "dependencies": [
            "aws_acm_certificate.cert",
            "aws_cloudwatch_log_group.quest_logs",
            "aws_ecr_repository.app_repo",
            "aws_ecs_cluster.main",
            "aws_ecs_task_definition.app",
            "aws_iam_role.ecs_execution_role",
            "aws_lb.main",
            "aws_lb_listener.https",
            "aws_lb_target_group.app_tg",
            "aws_security_group.alb",
            "aws_security_group.ecs_tasks",
            "aws_subnet.public",
            "aws_vpc.main",
            "data.aws_availability_zones.available",
            "tls_private_key.example",
            "tls_self_signed_cert.example"
          ]
        }
      ]
    },
    {
      "mode": "managed",
      "type": "aws_ecs_task_definition",
      "name": "app",
      "provider": "provider[\"registry.terraform.io/hashicorp/aws\"]",
      "instances": [
        {
          "schema_version": 1,
          "attributes": {
            "arn": "arn:aws:ecs:us-east-1:621740476497:task-definition/quest-app-task:1",
            "arn_without_revision": "arn:aws:ecs:us-east-1:621740476497:task-definition/quest-app-task",
            "container_definitions": "[{\"environment\":[{\"name\":\"SECRET_WORD\",\"value\":\"Placeholder\"}],\"essential\":true,\"image\":\"621740476497.dkr.ecr.us-east-1.amazonaws.com/quest-app:latest\",\"logConfiguration\":{\"logDriver\":\"awslogs\",\"options\":{\"awslogs-group\":\"/ecs/quest-app\",\"awslogs-region\":\"us-east-1\",\"awslogs-stream-prefix\":\"ecs\"}},\"mountPoints\":[],\"name\":\"quest-app-container\",\"portMappings\":[{\"containerPort\":3000,\"hostPort\":3000,\"protocol\":\"tcp\"}],\"systemControls\":[],\"volumesFrom\":[]}]",
            "cpu": "256",
            "enable_fault_injection": false,
            "ephemeral_storage": [],
            "execution_role_arn": "arn:aws:iam::621740476497:role/quest-ecs-execution-role",
            "family": "quest-app-task",
            "id": "quest-app-task",
            "ipc_mode": "",
            "memory": "512",
            "network_mode": "awsvpc",
            "pid_mode": "",
            "placement_constraints": [],
            "proxy_configuration": [],
            "region": "us-east-1",
            "requires_compatibilities": [
              "FARGATE"
            ],
            "revision": 1,
            "runtime_platform": [],
            "skip_destroy": false,
            "tags": {},
            "tags_all": {},
            "task_role_arn": "",
            "track_latest": false,
            "volume": []
          },
          "sensitive_attributes": [],
          "private": "eyJzY2hlbWFfdmVyc2lvbiI6IjEifQ==",
          "dependencies": [
            "aws_cloudwatch_log_group.quest_logs",
            "aws_ecr_repository.app_repo",
            "aws_iam_role.ecs_execution_role"
          ]
        }
      ]
    },
    {
      "mode": "managed",
      "type": "aws_iam_role",
      "name": "ecs_execution_role",
      "provider": "provider[\"registry.terraform.io/hashicorp/aws\"]",
      "instances": [
        {
          "schema_version": 0,
          "attributes": {
            "arn": "arn:aws:iam::621740476497:role/quest-ecs-execution-role",
            "assume_role_policy": "{\"Statement\":[{\"Action\":\"sts:AssumeRole\",\"Effect\":\"Allow\",\"Principal\":{\"Service\":\"ecs-tasks.amazonaws.com\"}}],\"Version\":\"2012-10-17\"}",
            "create_date": "2025-12-08T18:46:49Z",
            "description": "",
            "force_detach_policies": false,
            "id": "quest-ecs-execution-role",
            "inline_policy": [],
            "managed_policy_arns": [
              "arn:aws:iam::aws:policy/service-role/AmazonECSTaskExecutionRolePolicy"
            ],
            "max_session_duration": 3600,
            "name": "quest-ecs-execution-role",
            "name_prefix": "",
            "path": "/",
            "permissions_boundary": "",
            "tags": {},
            "tags_all": {},
            "unique_id": "AROAZBQU6ZBISGTMMXD72"
          },
          "sensitive_attributes": [],
          "private": "bnVsbA=="
        }
      ]
    },
    {
      "mode": "managed",
      "type": "aws_iam_role_policy_attachment",
      "name": "ecs_execution_policy",
      "provider": "provider[\"registry.terraform.io/hashicorp/aws\"]",
      "instances": [
        {
          "schema_version": 0,
          "attributes": {
            "id": "quest-ecs-execution-role/arn:aws:iam::aws:policy/service-role/AmazonECSTaskExecutionRolePolicy",
            "policy_arn": "arn:aws:iam::aws:policy/service-role/AmazonECSTaskExecutionRolePolicy",
            "role": "quest-ecs-execution-role"
          },
          "sensitive_attributes": [],
          "private": "bnVsbA==",
          "dependencies": [
            "aws_iam_role.ecs_execution_role"
          ]
        }
      ]
    },
    {
      "mode": "managed",
      "type": "aws_internet_gateway",
      "name": "gw",
      "provider": "provider[\"registry.terraform.io/hashicorp/aws\"]",
      "instances": [
        {
          "schema_version": 0,
          "attributes": {
            "arn": "arn:aws:ec2:us-east-1:621740476497:internet-gateway/igw-00505f2e4e1432750",
            "id": "igw-00505f2e4e1432750",
            "owner_id": "621740476497",
            "region": "us-east-1",
            "tags": {},
            "tags_all": {},
            "timeouts": null,
            "vpc_id": "vpc-0bb4ac4a3c4d2ebaa"
          },
          "sensitive_attributes": [],
          "private": "eyJlMmJmYjczMC1lY2FhLTExZTYtOGY4OC0zNDM2M2JjN2M0YzAiOnsiY3JlYXRlIjoxMjAwMDAwMDAwMDAwLCJkZWxldGUiOjEyMDAwMDAwMDAwMDAsInVwZGF0ZSI6MTIwMDAwMDAwMDAwMH19",
          "dependencies": [
            "aws_vpc.main"
          ]
        }
      ]
    },
    {
      "mode": "managed",
      "type": "aws_lb",
      "name": "main",
      "provider": "provider[\"registry.terraform.io/hashicorp/aws\"]",
      "instances": [
        {
          "schema_version": 0,
          "attributes": {
            "access_logs": [
              {
                "bucket": "",
                "enabled": false,
                "prefix": ""
              }
            ],
            "arn": "arn:aws:elasticloadbalancing:us-east-1:621740476497:loadbalancer/app/quest-alb/889f56ac25cd92cc",
            "arn_suffix": "app/quest-alb/889f56ac25cd92cc",
            "client_keep_alive": 3600,
            "connection_logs": [
              {
                "bucket": "",
                "enabled": false,
                "prefix": ""
              }
            ],
            "customer_owned_ipv4_pool": "",
            "desync_mitigation_mode": "defensive",
            "dns_name": "quest-alb-1637588006.us-east-1.elb.amazonaws.com",
            "dns_record_client_routing_policy": null,
            "drop_invalid_header_fields": false,
            "enable_cross_zone_load_balancing": true,
            "enable_deletion_protection": false,
            "enable_http2": true,
            "enable_tls_version_and_cipher_suite_headers": false,
            "enable_waf_fail_open": false,
            "enable_xff_client_port": false,
            "enable_zonal_shift": false,
            "enforce_security_group_inbound_rules_on_private_link_traffic": "",
            "health_check_logs": [
              {
                "bucket": "",
                "enabled": false,
                "prefix": ""
              }
            ],
            "id": "arn:aws:elasticloadbalancing:us-east-1:621740476497:loadbalancer/app/quest-alb/889f56ac25cd92cc",
            "idle_timeout": 60,
            "internal": false,
            "ip_address_type": "ipv4",
            "ipam_pools": [],
            "load_balancer_type": "application",
            "minimum_load_balancer_capacity": [],
            "name": "quest-alb",
            "name_prefix": "",
            "preserve_host_header": false,
            "region": "us-east-1",
            "secondary_ips_auto_assigned_per_subnet": null,
            "security_groups": [
              "sg-0aaf83f2aeef46b9d"
            ],
            "subnet_mapping": [
              {
                "allocation_id": "",
                "ipv6_address": "",
                "outpost_id": "",
                "private_ipv4_address": "",
                "subnet_id": "subnet-0212b96bab35aed6c"
              },
              {
                "allocation_id": "",
                "ipv6_address": "",
                "outpost_id": "",
                "private_ipv4_address": "",
                "subnet_id": "subnet-0854b78ef142b128e"
              }
            ],
            "subnets": [
              "subnet-0212b96bab35aed6c",
              "subnet-0854b78ef142b128e"
            ],
            "tags": {},
            "tags_all": {},
            "timeouts": null,
            "vpc_id": "vpc-0bb4ac4a3c4d2ebaa",
            "xff_header_processing_mode": "append",
            "zone_id": "Z35SXDOTRQ7X7K"
          },
          "sensitive_attributes": [],
          "private": "eyJlMmJmYjczMC1lY2FhLTExZTYtOGY4OC0zNDM2M2JjN2M0YzAiOnsiY3JlYXRlIjo2MDAwMDAwMDAwMDAsImRlbGV0ZSI6NjAwMDAwMDAwMDAwLCJ1cGRhdGUiOjYwMDAwMDAwMDAwMH19",
          "dependencies": [
            "aws_security_group.alb",
            "aws_subnet.public",
            "aws_vpc.main",
            "data.aws_availability_zones.available"
          ]
        }
      ]
    },
    {
      "mode": "managed",
      "type": "aws_lb_listener",
      "name": "http",
      "provider": "provider[\"registry.terraform.io/hashicorp/aws\"]",
      "instances": [
        {
          "schema_version": 0,
          "attributes": {
            "alpn_policy": null,
            "arn": "arn:aws:elasticloadbalancing:us-east-1:621740476497:listener/app/quest-alb/889f56ac25cd92cc/f3e3cbdee284cf00",
            "certificate_arn": null,
            "default_action": [
              {
                "authenticate_cognito": [],
                "authenticate_oidc": [],
                "fixed_response": [],
                "forward": [],
                "jwt_validation": [],
                "order": 1,
                "redirect": [
                  {
                    "host": "#{host}",
                    "path": "/#{path}",
                    "port": "443",
                    "protocol": "HTTPS",
                    "query": "#{query}",
                    "status_code": "HTTP_301"
                  }
                ],
                "target_group_arn": "",
                "type": "redirect"
              }
            ],
            "id": "arn:aws:elasticloadbalancing:us-east-1:621740476497:listener/app/quest-alb/889f56ac25cd92cc/f3e3cbdee284cf00",
            "load_balancer_arn": "arn:aws:elasticloadbalancing:us-east-1:621740476497:loadbalancer/app/quest-alb/889f56ac25cd92cc",
            "mutual_authentication": [],
            "port": 80,
            "protocol": "HTTP",
            "region": "us-east-1",
            "routing_http_request_x_amzn_mtls_clientcert_header_name": null,
            "routing_http_request_x_amzn_mtls_clientcert_issuer_header_name": null,
            "routing_http_request_x_amzn_mtls_clientcert_leaf_header_name": null,
            "routing_http_request_x_amzn_mtls_clientcert_serial_number_header_name": null,
            "routing_http_request_x_amzn_mtls_clientcert_subject_header_name": null,
            "routing_http_request_x_amzn_mtls_clientcert_validity_header_name": null,
            "routing_http_request_x_amzn_tls_cipher_suite_header_name": null,
            "routing_http_request_x_amzn_tls_version_header_name": null,
            "routing_http_response_access_control_allow_credentials_header_value": "",
            "routing_http_response_access_control_allow_headers_header_value": "",
            "routing_http_response_access_control_allow_methods_header_value": "",
            "routing_http_response_access_control_allow_origin_header_value": "",
            "routing_http_response_access_control_expose_headers_header_value": "",
            "routing_http_response_access_control_max_age_header_value": "",
            "routing_http_response_content_security_policy_header_value": "",
            "routing_http_response_server_enabled": true,
            "routing_http_response_strict_transport_security_header_value": "",
            "routing_http_response_x_content_type_options_header_value": "",
            "routing_http_response_x_frame_options_header_value": "",
            "ssl_policy": "",
            "tags": null,
            "tags_all": {},
            "tcp_idle_timeout_seconds": null,
            "timeouts": null
          },
          "sensitive_attributes": [],
          "private": "eyJlMmJmYjczMC1lY2FhLTExZTYtOGY4OC0zNDM2M2JjN2M0YzAiOnsiY3JlYXRlIjozMDAwMDAwMDAwMDAsInVwZGF0ZSI6MzAwMDAwMDAwMDAwfX0=",
          "dependencies": [
            "aws_lb.main"
          ]
        }
      ]
    },
    {
      "mode": "managed",
      "type": "aws_lb_listener",
      "name": "https",
      "provider": "provider[\"registry.terraform.io/hashicorp/aws\"]",
      "instances": [
        {
          "schema_version": 0,
          "attributes": {
            "alpn_policy": null,
            "arn": "arn:aws:elasticloadbalancing:us-east-1:621740476497:listener/app/quest-alb/889f56ac25cd92cc/dc0f47cbed85e2a5",
            "certificate_arn": "arn:aws:acm:us-east-1:621740476497:certificate/b97631ee-3086-4f25-b225-7dc5e8415e80",
            "default_action": [
              {
                "authenticate_cognito": [],
                "authenticate_oidc": [],
                "fixed_response": [],
                "forward": [],
                "jwt_validation": [],
                "order": 1,
                "redirect": [],
                "target_group_arn": "arn:aws:elasticloadbalancing:us-east-1:621740476497:targetgroup/quest-tg/033978fa8aae0e25",
                "type": "forward"
              }
            ],
            "id": "arn:aws:elasticloadbalancing:us-east-1:621740476497:listener/app/quest-alb/889f56ac25cd92cc/dc0f47cbed85e2a5",
            "load_balancer_arn": "arn:aws:elasticloadbalancing:us-east-1:621740476497:loadbalancer/app/quest-alb/889f56ac25cd92cc",
            "mutual_authentication": [
              {
                "advertise_trust_store_ca_names": "",
                "ignore_client_certificate_expiry": false,
                "mode": "off",
                "trust_store_arn": ""
              }
            ],
            "port": 443,
            "protocol": "HTTPS",
            "region": "us-east-1",
            "routing_http_request_x_amzn_mtls_clientcert_header_name": "",
            "routing_http_request_x_amzn_mtls_clientcert_issuer_header_name": "",
            "routing_http_request_x_amzn_mtls_clientcert_leaf_header_name": "",
            "routing_http_request_x_amzn_mtls_clientcert_serial_number_header_name": "",
            "routing_http_request_x_amzn_mtls_clientcert_subject_header_name": "",
            "routing_http_request_x_amzn_mtls_clientcert_validity_header_name": "",
            "routing_http_request_x_amzn_tls_cipher_suite_header_name": "",
            "routing_http_request_x_amzn_tls_version_header_name": "",
            "routing_http_response_access_control_allow_credentials_header_value": "",
            "routing_http_response_access_control_allow_headers_header_value": "",
            "routing_http_response_access_control_allow_methods_header_value": "",
            "routing_http_response_access_control_allow_origin_header_value": "",
            "routing_http_response_access_control_expose_headers_header_value": "",
            "routing_http_response_access_control_max_age_header_value": "",
            "routing_http_response_content_security_policy_header_value": "",
            "routing_http_response_server_enabled": true,
            "routing_http_response_strict_transport_security_header_value": "",
            "routing_http_response_x_content_type_options_header_value": "",
            "routing_http_response_x_frame_options_header_value": "",
            "ssl_policy": "ELBSecurityPolicy-2016-08",
            "tags": {},
            "tags_all": {},
            "tcp_idle_timeout_seconds": null,
            "timeouts": null
          },
          "sensitive_attributes": [],
          "private": "eyJlMmJmYjczMC1lY2FhLTExZTYtOGY4OC0zNDM2M2JjN2M0YzAiOnsiY3JlYXRlIjozMDAwMDAwMDAwMDAsInVwZGF0ZSI6MzAwMDAwMDAwMDAwfX0=",
          "dependencies": [
            "aws_acm_certificate.cert",
            "aws_lb.main",
            "aws_lb_target_group.app_tg",
            "aws_security_group.alb",
            "aws_subnet.public",
            "aws_vpc.main",
            "data.aws_availability_zones.available",
            "tls_private_key.example",
            "tls_self_signed_cert.example"
          ]
        }
      ]
    },
    {
      "mode": "managed",
      "type": "aws_lb_target_group",
      "name": "app_tg",
      "provider": "provider[\"registry.terraform.io/hashicorp/aws\"]",
      "instances": [
        {
          "schema_version": 0,
          "attributes": {
            "arn": "arn:aws:elasticloadbalancing:us-east-1:621740476497:targetgroup/quest-tg/033978fa8aae0e25",
            "arn_suffix": "targetgroup/quest-tg/033978fa8aae0e25",
            "connection_termination": null,
            "deregistration_delay": "300",
            "health_check": [
              {
                "enabled": true,
                "healthy_threshold": 3,
                "interval": 30,
                "matcher": "200",
                "path": "/",
                "port": "traffic-port",
                "protocol": "HTTP",
                "timeout": 5,
                "unhealthy_threshold": 3
              }
            ],
            "id": "arn:aws:elasticloadbalancing:us-east-1:621740476497:targetgroup/quest-tg/033978fa8aae0e25",
            "ip_address_type": "ipv4",
            "lambda_multi_value_headers_enabled": false,
            "load_balancer_arns": [
              "arn:aws:elasticloadbalancing:us-east-1:621740476497:loadbalancer/app/quest-alb/889f56ac25cd92cc"
            ],
            "load_balancing_algorithm_type": "round_robin",
            "load_balancing_anomaly_mitigation": "off",
            "load_balancing_cross_zone_enabled": "use_load_balancer_configuration",
            "name": "quest-tg",
            "name_prefix": "",
            "port": 3000,
            "preserve_client_ip": null,
            "protocol": "HTTP",
            "protocol_version": "HTTP1",
            "proxy_protocol_v2": false,
            "region": "us-east-1",
            "slow_start": 0,
            "stickiness": [
              {
                "cookie_duration": 86400,
                "cookie_name": "",
                "enabled": false,
                "type": "lb_cookie"
              }
            ],
            "tags": {},
            "tags_all": {},
            "target_control_port": 0,
            "target_failover": [
              {
                "on_deregistration": null,
                "on_unhealthy": null
              }
            ],
            "target_group_health": [
              {
                "dns_failover": [
                  {
                    "minimum_healthy_targets_count": "1",
                    "minimum_healthy_targets_percentage": "off"
                  }
                ],
                "unhealthy_state_routing": [
                  {
                    "minimum_healthy_targets_count": 1,
                    "minimum_healthy_targets_percentage": "off"
                  }
                ]
              }
            ],
            "target_health_state": [
              {
                "enable_unhealthy_connection_termination": null,
                "unhealthy_draining_interval": null
              }
            ],
            "target_type": "ip",
            "vpc_id": "vpc-0bb4ac4a3c4d2ebaa"
          },
          "sensitive_attributes": [],
          "private": "bnVsbA==",
          "dependencies": [
            "aws_vpc.main"
          ]
        }
      ]
    },
    {
      "mode": "managed",
      "type": "aws_route_table",
      "name": "public",
      "provider": "provider[\"registry.terraform.io/hashicorp/aws\"]",
      "instances": [
        {
          "schema_version": 0,
          "attributes": {
            "arn": "arn:aws:ec2:us-east-1:621740476497:route-table/rtb-09df8790978175bbe",
            "id": "rtb-09df8790978175bbe",
            "owner_id": "621740476497",
            "propagating_vgws": [],
            "region": "us-east-1",
            "route": [
              {
                "carrier_gateway_id": "",
                "cidr_block": "0.0.0.0/0",
                "core_network_arn": "",
                "destination_prefix_list_id": "",
                "egress_only_gateway_id": "",
                "gateway_id": "igw-00505f2e4e1432750",
                "ipv6_cidr_block": "",
                "local_gateway_id": "",
                "nat_gateway_id": "",
                "network_interface_id": "",
                "transit_gateway_id": "",
                "vpc_endpoint_id": "",
                "vpc_peering_connection_id": ""
              }
            ],
            "tags": {},
            "tags_all": {},
            "timeouts": null,
            "vpc_id": "vpc-0bb4ac4a3c4d2ebaa"
          },
          "sensitive_attributes": [],
          "private": "eyJlMmJmYjczMC1lY2FhLTExZTYtOGY4OC0zNDM2M2JjN2M0YzAiOnsiY3JlYXRlIjozMDAwMDAwMDAwMDAsImRlbGV0ZSI6MzAwMDAwMDAwMDAwLCJ1cGRhdGUiOjEyMDAwMDAwMDAwMH19",
          "dependencies": [
            "aws_internet_gateway.gw",
            "aws_vpc.main"
          ]
        }
      ]
    },
    {
      "mode": "managed",
      "type": "aws_route_table_association",
      "name": "public",
      "provider": "provider[\"registry.terraform.io/hashicorp/aws\"]",
      "instances": [
        {
          "index_key": 0,
          "schema_version": 0,
          "attributes": {
            "gateway_id": "",
            "id": "rtbassoc-064bf9ce7583fbeea",
            "region": "us-east-1",
            "route_table_id": "rtb-09df8790978175bbe",
            "subnet_id": "subnet-0212b96bab35aed6c",
            "timeouts": null
          },
          "sensitive_attributes": [],
          "private": "eyJlMmJmYjczMC1lY2FhLTExZTYtOGY4OC0zNDM2M2JjN2M0YzAiOnsiY3JlYXRlIjozMDAwMDAwMDAwMDAsImRlbGV0ZSI6MzAwMDAwMDAwMDAwLCJ1cGRhdGUiOjEyMDAwMDAwMDAwMH19",
          "dependencies": [
            "aws_internet_gateway.gw",
            "aws_route_table.public",
            "aws_subnet.public",
            "aws_vpc.main",
            "data.aws_availability_zones.available"
          ]
        },
        {
          "index_key": 1,
          "schema_version": 0,
          "attributes": {
            "gateway_id": "",
            "id": "rtbassoc-0d953a155c6d81669",
            "region": "us-east-1",
            "route_table_id": "rtb-09df8790978175bbe",
            "subnet_id": "subnet-0854b78ef142b128e",
            "timeouts": null
          },
          "sensitive_attributes": [],
          "private": "eyJlMmJmYjczMC1lY2FhLTExZTYtOGY4OC0zNDM2M2JjN2M0YzAiOnsiY3JlYXRlIjozMDAwMDAwMDAwMDAsImRlbGV0ZSI6MzAwMDAwMDAwMDAwLCJ1cGRhdGUiOjEyMDAwMDAwMDAwMH19",
          "dependencies": [
            "aws_internet_gateway.gw",
            "aws_route_table.public",
            "aws_subnet.public",
            "aws_vpc.main",
            "data.aws_availability_zones.available"
          ]
        }
      ]
    },
    {
      "mode": "managed",
      "type": "aws_s3_bucket",
      "name": "tf_state",
      "provider": "provider[\"registry.terraform.io/hashicorp/aws\"]",
      "instances": [
        {
          "schema_version": 0,
          "attributes": {
            "acceleration_status": "",
            "acl": null,
            "arn": "arn:aws:s3:::quest-terraform-state-cbell-0001",
            "bucket": "quest-terraform-state-cbell-0001",
            "bucket_domain_name": "quest-terraform-state-cbell-0001.s3.amazonaws.com",
            "bucket_prefix": "",
            "bucket_region": "us-east-1",
            "bucket_regional_domain_name": "quest-terraform-state-cbell-0001.s3.us-east-1.amazonaws.com",
            "cors_rule": [],
            "force_destroy": false,
            "grant": [
              {
                "id": "8f5dbe10f9070e37020a89565c660e7fb0d19a2c4adee3e0c9136c3659d65ac1",
                "permissions": [
                  "FULL_CONTROL"
                ],
                "type": "CanonicalUser",
                "uri": ""
              }
            ],
            "hosted_zone_id": "Z3AQBSTGFYJSTF",
            "id": "quest-terraform-state-cbell-0001",
            "lifecycle_rule": [],
            "logging": [],
            "object_lock_configuration": [],
            "object_lock_enabled": false,
            "policy": "",
            "region": "us-east-1",
            "replication_configuration": [],
            "request_payer": "BucketOwner",
            "server_side_encryption_configuration": [
              {
                "rule": [
                  {
                    "apply_server_side_encryption_by_default": [
                      {
                        "kms_master_key_id": "",
                        "sse_algorithm": "AES256"
                      }
                    ],
                    "bucket_key_enabled": false
                  }
                ]
              }
            ],
            "tags": {},
            "tags_all": {},
            "timeouts": null,
            "versioning": [
              {
                "enabled": true,
                "mfa_delete": false
              }
            ],
            "website": [],
            "website_domain": null,
            "website_endpoint": null
          },
          "sensitive_attributes": [],
          "private": "eyJlMmJmYjczMC1lY2FhLTExZTYtOGY4OC0zNDM2M2JjN2M0YzAiOnsiY3JlYXRlIjoxMjAwMDAwMDAwMDAwLCJkZWxldGUiOjM2MDAwMDAwMDAwMDAsInJlYWQiOjEyMDAwMDAwMDAwMDAsInVwZGF0ZSI6MTIwMDAwMDAwMDAwMH19"
        }
      ]
    },
    {
      "mode": "managed",
      "type": "aws_s3_bucket_server_side_encryption_configuration",
      "name": "default",
      "provider": "provider[\"registry.terraform.io/hashicorp/aws\"]",
      "instances": [
        {
          "schema_version": 0,
          "attributes": {
            "bucket": "quest-terraform-state-cbell-0001",
            "expected_bucket_owner": "",
            "id": "quest-terraform-state-cbell-0001",
            "region": "us-east-1",
            "rule": [
              {
                "apply_server_side_encryption_by_default": [
                  {
                    "kms_master_key_id": "",
                    "sse_algorithm": "AES256"
                  }
                ],
                "blocked_encryption_types": [],
                "bucket_key_enabled": false
              }
            ]
          },
          "sensitive_attributes": [],
          "private": "bnVsbA==",
          "dependencies": [
            "aws_s3_bucket.tf_state"
          ]
        }
      ]
    },
    {
      "mode": "managed",
      "type": "aws_s3_bucket_versioning",
      "name": "enabled",
      "provider": "provider[\"registry.terraform.io/hashicorp/aws\"]",
      "instances": [
        {
          "schema_version": 0,
          "attributes": {
            "bucket": "quest-terraform-state-cbell-0001",
            "expected_bucket_owner": "",
            "id": "quest-terraform-state-cbell-0001",
            "mfa": null,
            "region": "us-east-1",
            "versioning_configuration": [
              {
                "mfa_delete": "",
                "status": "Enabled"
              }
            ]
          },
          "sensitive_attributes": [],
          "private": "bnVsbA==",
          "dependencies": [
            "aws_s3_bucket.tf_state"
          ]
        }
      ]
    },
    {
      "mode": "managed",
      "type": "aws_security_group",
      "name": "alb",
      "provider": "provider[\"registry.terraform.io/hashicorp/aws\"]",
      "instances": [
        {
          "schema_version": 1,
          "attributes": {
            "arn": "arn:aws:ec2:us-east-1:621740476497:security-group/sg-0aaf83f2aeef46b9d",
            "description": "Controls access to the ALB",
            "egress": [
              {
                "cidr_blocks": [
                  "0.0.0.0/0"
                ],
                "description": "",
                "from_port": 0,
                "ipv6_cidr_blocks": [],
                "prefix_list_ids": [],
                "protocol": "-1",
                "security_groups": [],
                "self": false,
                "to_port": 0
              }
            ],
            "id": "sg-0aaf83f2aeef46b9d",
            "ingress": [
              {
                "cidr_blocks": [
                  "0.0.0.0/0"
                ],
                "description": "",
                "from_port": 443,
                "ipv6_cidr_blocks": [],
                "prefix_list_ids": [],
                "protocol": "tcp",
                "security_groups": [],
                "self": false,
                "to_port": 443
              },
              {
                "cidr_blocks": [
                  "0.0.0.0/0"
                ],
                "description": "",
                "from_port": 80,
                "ipv6_cidr_blocks": [],
                "prefix_list_ids": [],
                "protocol": "tcp",
                "security_groups": [],
                "self": false,
                "to_port": 80
              }
            ],
            "name": "quest-alb-sg",
            "name_prefix": "",
            "owner_id": "621740476497",
            "region": "us-east-1",
            "revoke_rules_on_delete": false,
            "tags": {},
            "tags_all": {},
            "timeouts": null,
            "vpc_id": "vpc-0bb4ac4a3c4d2ebaa"
          },
          "sensitive_attributes": [],
          "private": "eyJlMmJmYjczMC1lY2FhLTExZTYtOGY4OC0zNDM2M2JjN2M0YzAiOnsiY3JlYXRlIjo2MDAwMDAwMDAwMDAsImRlbGV0ZSI6OTAwMDAwMDAwMDAwfSwic2NoZW1hX3ZlcnNpb24iOiIxIn0=",
          "dependencies": [
            "aws_vpc.main"
          ]
        }
      ]
    },
    {
      "mode": "managed",
      "type": "aws_security_group",
      "name": "ecs_tasks",
      "provider": "provider[\"registry.terraform.io/hashicorp/aws\"]",
      "instances": [
        {
          "schema_version": 1,
          "attributes": {
            "arn": "arn:aws:ec2:us-east-1:621740476497:security-group/sg-07c16b0bdf3313d35",
            "description": "Allow inbound access from the ALB only",
            "egress": [
              {
                "cidr_blocks": [
                  "0.0.0.0/0"
                ],
                "description": "",
                "from_port": 0,
                "ipv6_cidr_blocks": [],
                "prefix_list_ids": [],
                "protocol": "-1",
                "security_groups": [],
                "self": false,
                "to_port": 0
              }
            ],
            "id": "sg-07c16b0bdf3313d35",
            "ingress": [
              {
                "cidr_blocks": [],
                "description": "",
                "from_port": 3000,
                "ipv6_cidr_blocks": [],
                "prefix_list_ids": [],
                "protocol": "tcp",
                "security_groups": [
                  "sg-0aaf83f2aeef46b9d"
                ],
                "self": false,
                "to_port": 3000
              }
            ],
            "name": "quest-ecs-tasks-sg",
            "name_prefix": "",
            "owner_id": "621740476497",
            "region": "us-east-1",
            "revoke_rules_on_delete": false,
            "tags": {},
            "tags_all": {},
            "timeouts": null,
            "vpc_id": "vpc-0bb4ac4a3c4d2ebaa"
          },
          "sensitive_attributes": [],
          "private": "eyJlMmJmYjczMC1lY2FhLTExZTYtOGY4OC0zNDM2M2JjN2M0YzAiOnsiY3JlYXRlIjo2MDAwMDAwMDAwMDAsImRlbGV0ZSI6OTAwMDAwMDAwMDAwfSwic2NoZW1hX3ZlcnNpb24iOiIxIn0=",
          "dependencies": [
            "aws_security_group.alb",
            "aws_vpc.main"
          ]
        }
      ]
    },
    {
      "mode": "managed",
      "type": "aws_subnet",
      "name": "public",
      "provider": "provider[\"registry.terraform.io/hashicorp/aws\"]",
      "instances": [
        {
          "index_key": 0,
          "schema_version": 1,
          "attributes": {
            "arn": "arn:aws:ec2:us-east-1:621740476497:subnet/subnet-0212b96bab35aed6c",
            "assign_ipv6_address_on_creation": false,
            "availability_zone": "us-east-1a",
            "availability_zone_id": "use1-az1",
            "cidr_block": "10.0.0.0/24",
            "customer_owned_ipv4_pool": "",
            "enable_dns64": false,
            "enable_lni_at_device_index": 0,
            "enable_resource_name_dns_a_record_on_launch": false,
            "enable_resource_name_dns_aaaa_record_on_launch": false,
            "id": "subnet-0212b96bab35aed6c",
            "ipv6_cidr_block": "",
            "ipv6_cidr_block_association_id": "",
            "ipv6_native": false,
            "map_customer_owned_ip_on_launch": false,
            "map_public_ip_on_launch": true,
            "outpost_arn": "",
            "owner_id": "621740476497",
            "private_dns_hostname_type_on_launch": "ip-name",
            "region": "us-east-1",
            "tags": {
              "Name": "quest-public-0"
            },
            "tags_all": {
              "Name": "quest-public-0"
            },
            "timeouts": null,
            "vpc_id": "vpc-0bb4ac4a3c4d2ebaa"
          },
          "sensitive_attributes": [],
          "private": "eyJlMmJmYjczMC1lY2FhLTExZTYtOGY4OC0zNDM2M2JjN2M0YzAiOnsiY3JlYXRlIjo2MDAwMDAwMDAwMDAsImRlbGV0ZSI6MTIwMDAwMDAwMDAwMH0sInNjaGVtYV92ZXJzaW9uIjoiMSJ9",
          "dependencies": [
            "aws_vpc.main",
            "data.aws_availability_zones.available"
          ]
        },
        {
          "index_key": 1,
          "schema_version": 1,
          "attributes": {
            "arn": "arn:aws:ec2:us-east-1:621740476497:subnet/subnet-0854b78ef142b128e",
            "assign_ipv6_address_on_creation": false,
            "availability_zone": "us-east-1b",
            "availability_zone_id": "use1-az2",
            "cidr_block": "10.0.1.0/24",
            "customer_owned_ipv4_pool": "",
            "enable_dns64": false,
            "enable_lni_at_device_index": 0,
            "enable_resource_name_dns_a_record_on_launch": false,
            "enable_resource_name_dns_aaaa_record_on_launch": false,
            "id": "subnet-0854b78ef142b128e",
            "ipv6_cidr_block": "",
            "ipv6_cidr_block_association_id": "",
            "ipv6_native": false,
            "map_customer_owned_ip_on_launch": false,
            "map_public_ip_on_launch": true,
            "outpost_arn": "",
            "owner_id": "621740476497",
            "private_dns_hostname_type_on_launch": "ip-name",
            "region": "us-east-1",
            "tags": {
              "Name": "quest-public-1"
            },
            "tags_all": {
              "Name": "quest-public-1"
            },
            "timeouts": null,
            "vpc_id": "vpc-0bb4ac4a3c4d2ebaa"
          },
          "sensitive_attributes": [],
          "private": "eyJlMmJmYjczMC1lY2FhLTExZTYtOGY4OC0zNDM2M2JjN2M0YzAiOnsiY3JlYXRlIjo2MDAwMDAwMDAwMDAsImRlbGV0ZSI6MTIwMDAwMDAwMDAwMH0sInNjaGVtYV92ZXJzaW9uIjoiMSJ9",
          "dependencies": [
            "aws_vpc.main",
            "data.aws_availability_zones.available"
          ]
        }
      ]
    },
    {
      "mode": "managed",
      "type": "aws_vpc",
      "name": "main",
      "provider": "provider[\"registry.terraform.io/hashicorp/aws\"]",
      "instances": [
        {
          "schema_version": 1,
          "attributes": {
            "arn": "arn:aws:ec2:us-east-1:621740476497:vpc/vpc-0bb4ac4a3c4d2ebaa",
            "assign_generated_ipv6_cidr_block": false,
            "cidr_block": "10.0.0.0/16",
            "default_network_acl_id": "acl-0c5ec7171cffa0759",
            "default_route_table_id": "rtb-0dbdbfafa2b387ee9",
            "default_security_group_id": "sg-090e1db231b917e0f",
            "dhcp_options_id": "dopt-030a66fee63423e0f",
            "enable_dns_hostnames": true,
            "enable_dns_support": true,
            "enable_network_address_usage_metrics": false,
            "id": "vpc-0bb4ac4a3c4d2ebaa",
            "instance_tenancy": "default",
            "ipv4_ipam_pool_id": null,
            "ipv4_netmask_length": null,
            "ipv6_association_id": "",
            "ipv6_cidr_block": "",
            "ipv6_cidr_block_network_border_group": "",
            "ipv6_ipam_pool_id": "",
            "ipv6_netmask_length": 0,
            "main_route_table_id": "rtb-0dbdbfafa2b387ee9",
            "owner_id": "621740476497",
            "region": "us-east-1",
            "tags": {
              "Name": "quest-vpc"
            },
            "tags_all": {
              "Name": "quest-vpc"
            }
          },
          "sensitive_attributes": [],
          "private": "eyJzY2hlbWFfdmVyc2lvbiI6IjEifQ=="
        }
      ]
    },
    {
      "mode": "managed",
      "type": "tls_private_key",
      "name": "example",
      "provider": "provider[\"registry.terraform.io/hashicorp/tls\"]",
      "instances": [
        {
          "schema_version": 1,
          "attributes": {
            "algorithm": "RSA",
            "ecdsa_curve": "P224",
            "id": "dfb97ea739843b7d921c42d77753416737333193",
            "private_key_openssh": "-----BEGIN OPENSSH PRIVATE KEY-----\nb3BlbnNzaC1rZXktdjEAAAAABG5vbmUAAAAEbm9uZQAAAAAAAAABAAABFwAAAAdz\nc2gtcnNhAAAAAwEAAQAAAQEArx1yhTW0HCaksWY0b4wg6euVvdGTbVrEGANq2pEQ\nXV7ZoDdjqQSAIgViABKUqSFMp+WTX1Y+NgbbXzIrLGjcjCwZnl94TWOFHn6H1tvF\nrfXN0PzPajGYKhPxbc0L3MImrCJOXQ4ABnIjD3kwxq/eyki7aB/Wcj+t8b+snHKu\nRCbng6FxbRVSWKAqCvhb+Z23EladLExnF2pFnjntCvUis1WKfdc1aMCJd2BhyE+G\n2v2endN92BHRWbzzBSzQ/2t7fHu8cFze/pQCzrN7MAEQp97t18Ct4wlhZSjbfTob\n7rTVIY2YAnljsmHyCh5u/MODZlWMhDLYqRLG4lDjJdW04wAAA7hF4cs0ReHLNAAA\nAAdzc2gtcnNhAAABAQCvHXKFNbQcJqSxZjRvjCDp65W90ZNtWsQYA2rakRBdXtmg\nN2OpBIAiBWIAEpSpIUyn5ZNfVj42BttfMissaNyMLBmeX3hNY4UefofW28Wt9c3Q\n/M9qMZgqE/FtzQvcwiasIk5dDgAGciMPeTDGr97KSLtoH9ZyP63xv6yccq5EJueD\noXFtFVJYoCoK+Fv5nbcSVp0sTGcXakWeOe0K9SKzVYp91zVowIl3YGHIT4ba/Z6d\n033YEdFZvPMFLND/a3t8e7xwXN7+lALOs3swARCn3u3XwK3jCWFlKNt9OhvutNUh\njZgCeWOyYfIKHm78w4NmVYyEMtipEsbiUOMl1bTjAAAAAwEAAQAAAQA70ME3g1qc\naw7CkfjDSYhMnu4tQpMrPV/SHAi50+dVHXsU4RanuyPReyk4gSBKjVdT2nV2kUz6\nw2jXoZlhuAft0XqGwHGlbaMhAXOBDtz9SQMeqdxnl700Uk+bg/jTVXZEQgumeYvE\np+QV+v2QQK7HRgTN0mI78EiIVUKuxfWEzXwnkD2uPdPpxntijOEsQA6JiDXEUtkM\nF3tnev903asX3jF3j3FCP3xDtCntN5iR9tWvzt3bFgL1uGSmO6IXwt4fK9Rsr32x\nnQKDMkONaegWVRtnGXcj2LAZIofUW15I4cNchQbsRdgtOz6t/nFUWueKjugs365P\nr5Gf7zto/OuhAAAAgQCpo0VWFdALRS9rUu1oSPI2fH5ZFosXwPSmxa3oFw1XTGrJ\nIewYAT2FAfXAbUMk+FBexRtvKZZmZDx9ZMx7ehwFTsXx+UIcfGb3cBl8OCxJ0dqM\nyKx4gDo24k3QdedrsgE7VKPAwy2p7RC8ye/3tkXIjYvBFrWG2itQ6k6Y1cB9ZwAA\nAIEA5A9HiF8iuq9eoi/xa1EA2lK3akiPb+/TsZVX5/ieoUSZa/1V3ARcJatNUlNk\nEHAqW411448929gR/zFzGpFDRGSk+lMoxgWvdudeOrYwAg4vxvpYRRRUlXXWouPH\nCA1ulT2C9uVhkuuDknIvEscHNb9cDKVSVQEUiO0zL91cVIsAAACBAMSRpR7L/fUv\n32v8ggOyl++ZawOhkGVuEmj07zS24pIcc5n2/eXNrwlN3W5bfgCWsxAfM+9MVCz+\n5XQPXvR8yKjgybQK0Nqii4eIaF0jL5FI9QzKAMDY9GE92sCmxRZY5DhFeCrDD/FP\nglzVsqrJe3yi5ftVSLnSsgrSl906D7QJAAAAAAEC\n-----END OPENSSH PRIVATE KEY-----\n",
            "private_key_pem": "-----BEGIN RSA PRIVATE KEY-----\nMIIEpAIBAAKCAQEArx1yhTW0HCaksWY0b4wg6euVvdGTbVrEGANq2pEQXV7ZoDdj\nqQSAIgViABKUqSFMp+WTX1Y+NgbbXzIrLGjcjCwZnl94TWOFHn6H1tvFrfXN0PzP\najGYKhPxbc0L3MImrCJOXQ4ABnIjD3kwxq/eyki7aB/Wcj+t8b+snHKuRCbng6Fx\nbRVSWKAqCvhb+Z23EladLExnF2pFnjntCvUis1WKfdc1aMCJd2BhyE+G2v2endN9\n2BHRWbzzBSzQ/2t7fHu8cFze/pQCzrN7MAEQp97t18Ct4wlhZSjbfTob7rTVIY2Y\nAnljsmHyCh5u/MODZlWMhDLYqRLG4lDjJdW04wIDAQABAoIBADvQwTeDWpxrDsKR\n+MNJiEye7i1Ckys9X9IcCLnT51UdexThFqe7I9F7KTiBIEqNV1PadXaRTPrDaNeh\nmWG4B+3ReobAcaVtoyEBc4EO3P1JAx6p3GeXvTRST5uD+NNVdkRCC6Z5i8Sn5BX6\n/ZBArsdGBM3SYjvwSIhVQq7F9YTNfCeQPa490+nGe2KM4SxADomINcRS2QwXe2d6\n/3TdqxfeMXePcUI/fEO0Ke03mJH21a/O3dsWAvW4ZKY7ohfC3h8r1GyvfbGdAoMy\nQ41p6BZVG2cZdyPYsBkih9RbXkjhw1yFBuxF2C07Pq3+cVRa54qO6Czfrk+vkZ/v\nO2j866ECgYEA5A9HiF8iuq9eoi/xa1EA2lK3akiPb+/TsZVX5/ieoUSZa/1V3ARc\nJatNUlNkEHAqW411448929gR/zFzGpFDRGSk+lMoxgWvdudeOrYwAg4vxvpYRRRU\nlXXWouPHCA1ulT2C9uVhkuuDknIvEscHNb9cDKVSVQEUiO0zL91cVIsCgYEAxJGl\nHsv99S/fa/yCA7KX75lrA6GQZW4SaPTvNLbikhxzmfb95c2vCU3dblt+AJazEB8z\n70xULP7ldA9e9HzIqODJtArQ2qKLh4hoXSMvkUj1DMoAwNj0YT3awKbFFljkOEV4\nKsMP8U+CXNWyqsl7fKLl+1VIudKyCtKX3ToPtAkCgYEAqU8mnflzAQFc0i+hnThf\n17V88Wy5ADMeCEKFJnQO4E7bT66d5V9fQZ/xIWNDcGi1KY7VrIEVPXcltTzy5RBe\nzhGh4S2Hoatq3m1aKWBEN+JsWd5VVcOIIAWBuSA9DJ9cL3OhHMaiL76kyT338IrN\nsXtFTSYW/4BzzEu8qpY+C40CgYBZG6EbteO5G2uP21bg8Dv6DLU7XylDIcPMuoQZ\nhHJvQ+CPwizU2QnpENg5Z9ZV0/r2av6zEwnxn9dKZpFoCY05KTWmnWSSSC8yUH7n\nAcVVehpEIup2gaM+1bhtruwXNlK2w58221hFzwJMrT8iNtX46SuSZNXkDwRQ7aiU\nS/bEaQKBgQCpo0VWFdALRS9rUu1oSPI2fH5ZFosXwPSmxa3oFw1XTGrJIewYAT2F\nAfXAbUMk+FBexRtvKZZmZDx9ZMx7ehwFTsXx+UIcfGb3cBl8OCxJ0dqMyKx4gDo2\n4k3QdedrsgE7VKPAwy2p7RC8ye/3tkXIjYvBFrWG2itQ6k6Y1cB9Zw==\n-----END RSA PRIVATE KEY-----\n",
            "private_key_pem_pkcs8": "-----BEGIN PRIVATE KEY-----\nMIIEvgIBADANBgkqhkiG9w0BAQEFAASCBKgwggSkAgEAAoIBAQCvHXKFNbQcJqSx\nZjRvjCDp65W90ZNtWsQYA2rakRBdXtmgN2OpBIAiBWIAEpSpIUyn5ZNfVj42Bttf\nMissaNyMLBmeX3hNY4UefofW28Wt9c3Q/M9qMZgqE/FtzQvcwiasIk5dDgAGciMP\neTDGr97KSLtoH9ZyP63xv6yccq5EJueDoXFtFVJYoCoK+Fv5nbcSVp0sTGcXakWe\nOe0K9SKzVYp91zVowIl3YGHIT4ba/Z6d033YEdFZvPMFLND/a3t8e7xwXN7+lALO\ns3swARCn3u3XwK3jCWFlKNt9OhvutNUhjZgCeWOyYfIKHm78w4NmVYyEMtipEsbi\nUOMl1bTjAgMBAAECggEAO9DBN4NanGsOwpH4w0mITJ7uLUKTKz1f0hwIudPnVR17\nFOEWp7sj0XspOIEgSo1XU9p1dpFM+sNo16GZYbgH7dF6hsBxpW2jIQFzgQ7c/UkD\nHqncZ5e9NFJPm4P401V2REILpnmLxKfkFfr9kECux0YEzdJiO/BIiFVCrsX1hM18\nJ5A9rj3T6cZ7YozhLEAOiYg1xFLZDBd7Z3r/dN2rF94xd49xQj98Q7Qp7TeYkfbV\nr87d2xYC9bhkpjuiF8LeHyvUbK99sZ0CgzJDjWnoFlUbZxl3I9iwGSKH1FteSOHD\nXIUG7EXYLTs+rf5xVFrnio7oLN+uT6+Rn+87aPzroQKBgQDkD0eIXyK6r16iL/Fr\nUQDaUrdqSI9v79OxlVfn+J6hRJlr/VXcBFwlq01SU2QQcCpbjXXjjz3b2BH/MXMa\nkUNEZKT6UyjGBa925146tjACDi/G+lhFFFSVddai48cIDW6VPYL25WGS64OSci8S\nxwc1v1wMpVJVARSI7TMv3VxUiwKBgQDEkaUey/31L99r/IIDspfvmWsDoZBlbhJo\n9O80tuKSHHOZ9v3lza8JTd1uW34AlrMQHzPvTFQs/uV0D170fMio4Mm0CtDaoouH\niGhdIy+RSPUMygDA2PRhPdrApsUWWOQ4RXgqww/xT4Jc1bKqyXt8ouX7VUi50rIK\n0pfdOg+0CQKBgQCpTyad+XMBAVzSL6GdOF/XtXzxbLkAMx4IQoUmdA7gTttPrp3l\nX19Bn/EhY0NwaLUpjtWsgRU9dyW1PPLlEF7OEaHhLYehq2rebVopYEQ34mxZ3lVV\nw4ggBYG5ID0Mn1wvc6EcxqIvvqTJPffwis2xe0VNJhb/gHPMS7yqlj4LjQKBgFkb\noRu147kba4/bVuDwO/oMtTtfKUMhw8y6hBmEcm9D4I/CLNTZCekQ2Dln1lXT+vZq\n/rMTCfGf10pmkWgJjTkpNaadZJJILzJQfucBxVV6GkQi6naBoz7VuG2u7Bc2UrbD\nnzbbWEXPAkytPyI21fjpK5Jk1eQPBFDtqJRL9sRpAoGBAKmjRVYV0AtFL2tS7WhI\n8jZ8flkWixfA9KbFregXDVdMaskh7BgBPYUB9cBtQyT4UF7FG28plmZkPH1kzHt6\nHAVOxfH5Qhx8ZvdwGXw4LEnR2ozIrHiAOjbiTdB152uyATtUo8DDLantELzJ7/e2\nRciNi8EWtYbaK1DqTpjVwH1n\n-----END PRIVATE KEY-----\n",
            "public_key_fingerprint_md5": "60:42:44:a3:64:ef:11:76:57:e2:7c:b1:81:b1:ad:37",
            "public_key_fingerprint_sha256": "SHA256:gyuBTE+gl0Dv6qq7H3+bt28erWhvdMuRntwWUu8PRcI",
            "public_key_openssh": "ssh-rsa AAAAB3NzaC1yc2EAAAADAQABAAABAQCvHXKFNbQcJqSxZjRvjCDp65W90ZNtWsQYA2rakRBdXtmgN2OpBIAiBWIAEpSpIUyn5ZNfVj42BttfMissaNyMLBmeX3hNY4UefofW28Wt9c3Q/M9qMZgqE/FtzQvcwiasIk5dDgAGciMPeTDGr97KSLtoH9ZyP63xv6yccq5EJueDoXFtFVJYoCoK+Fv5nbcSVp0sTGcXakWeOe0K9SKzVYp91zVowIl3YGHIT4ba/Z6d033YEdFZvPMFLND/a3t8e7xwXN7+lALOs3swARCn3u3XwK3jCWFlKNt9OhvutNUhjZgCeWOyYfIKHm78w4NmVYyEMtipEsbiUOMl1bTj\n",
            "public_key_pem": "-----BEGIN PUBLIC KEY-----\nMIIBIjANBgkqhkiG9w0BAQEFAAOCAQ8AMIIBCgKCAQEArx1yhTW0HCaksWY0b4wg\n6euVvdGTbVrEGANq2pEQXV7ZoDdjqQSAIgViABKUqSFMp+WTX1Y+NgbbXzIrLGjc\njCwZnl94TWOFHn6H1tvFrfXN0PzPajGYKhPxbc0L3MImrCJOXQ4ABnIjD3kwxq/e\nyki7aB/Wcj+t8b+snHKuRCbng6FxbRVSWKAqCvhb+Z23EladLExnF2pFnjntCvUi\ns1WKfdc1aMCJd2BhyE+G2v2endN92BHRWbzzBSzQ/2t7fHu8cFze/pQCzrN7MAEQ\np97t18Ct4wlhZSjbfTob7rTVIY2YAnljsmHyCh5u/MODZlWMhDLYqRLG4lDjJdW0\n4wIDAQAB\n-----END PUBLIC KEY-----\n",
            "rsa_bits": 2048
          },
          "sensitive_attributes": []
        }
      ]
    },
    {
      "mode": "managed",
      "type": "tls_self_signed_cert",
      "name": "example",
      "provider": "provider[\"registry.terraform.io/hashicorp/tls\"]",
      "instances": [
        {
          "schema_version": 0,
          "attributes": {
            "allowed_uses": [
              "key_encipherment",
              "digital_signature",
              "server_auth"
            ],
            "cert_pem": "-----BEGIN CERTIFICATE-----\nMIIDJTCCAg2gAwIBAgIQJR7bbo5ogbBE0Wina2sJXDANBgkqhkiG9w0BAQsFADAz\nMRswGQYDVQQKExJRdWVzdCBPcmdhbml6YXRpb24xFDASBgNVBAMTC3F1ZXN0Lmxv\nY2FsMB4XDTI1MTIwODE4NDY0OVoXDTI2MTIwODE4NDY0OVowMzEbMBkGA1UEChMS\nUXVlc3QgT3JnYW5pemF0aW9uMRQwEgYDVQQDEwtxdWVzdC5sb2NhbDCCASIwDQYJ\nKoZIhvcNAQEBBQADggEPADCCAQoCggEBAK8dcoU1tBwmpLFmNG+MIOnrlb3Rk21a\nxBgDatqREF1e2aA3Y6kEgCIFYgASlKkhTKflk19WPjYG218yKyxo3IwsGZ5feE1j\nhR5+h9bbxa31zdD8z2oxmCoT8W3NC9zCJqwiTl0OAAZyIw95MMav3spIu2gf1nI/\nrfG/rJxyrkQm54OhcW0VUligKgr4W/mdtxJWnSxMZxdqRZ457Qr1IrNVin3XNWjA\niXdgYchPhtr9np3TfdgR0Vm88wUs0P9re3x7vHBc3v6UAs6zezABEKfe7dfAreMJ\nYWUo2306G+601SGNmAJ5Y7Jh8goebvzDg2ZVjIQy2KkSxuJQ4yXVtOMCAwEAAaM1\nMDMwDgYDVR0PAQH/BAQDAgWgMBMGA1UdJQQMMAoGCCsGAQUFBwMBMAwGA1UdEwEB\n/wQCMAAwDQYJKoZIhvcNAQELBQADggEBADxeAonFt7tcsvNAK7/FvVqDPtH//G8h\nrowQEFBZjKk581LZrRcj2EClsRZ/m248BEivPKEshWsaHypSH8fwf5vPgLc/CQDA\nmYtBfJZYcHat3/VzrGhQX+C1cr9HDOHt0somQW9u810zc8SeBUe8Mp18rXRVYzDb\nT3r5pFggoxxC7kbArSv7nyv0A5oufbA6t5bA31fx6teUiCYiOtcSZhkyX6kzRmlg\njcqOAZ1x65WWH1wTmcsoL6Z4z8MdigmsI1g07qFtZ73yJBJvYRb2qJySjhCQuTMS\n2iUNVJ7UMaMTczUEUf9eNUXCmQpvgGjux5A/WP7TeSZKrpCd4yxdr70=\n-----END CERTIFICATE-----\n",
            "dns_names": null,
            "early_renewal_hours": 0,
            "id": "49341655356672220527929783941300160860",
            "ip_addresses": null,
            "is_ca_certificate": false,
            "key_algorithm": "RSA",
            "private_key_pem": "-----BEGIN RSA PRIVATE KEY-----\nMIIEpAIBAAKCAQEArx1yhTW0HCaksWY0b4wg6euVvdGTbVrEGANq2pEQXV7ZoDdj\nqQSAIgViABKUqSFMp+WTX1Y+NgbbXzIrLGjcjCwZnl94TWOFHn6H1tvFrfXN0PzP\najGYKhPxbc0L3MImrCJOXQ4ABnIjD3kwxq/eyki7aB/Wcj+t8b+snHKuRCbng6Fx\nbRVSWKAqCvhb+Z23EladLExnF2pFnjntCvUis1WKfdc1aMCJd2BhyE+G2v2endN9\n2BHRWbzzBSzQ/2t7fHu8cFze/pQCzrN7MAEQp97t18Ct4wlhZSjbfTob7rTVIY2Y\nAnljsmHyCh5u/MODZlWMhDLYqRLG4lDjJdW04wIDAQABAoIBADvQwTeDWpxrDsKR\n+MNJiEye7i1Ckys9X9IcCLnT51UdexThFqe7I9F7KTiBIEqNV1PadXaRTPrDaNeh\nmWG4B+3ReobAcaVtoyEBc4EO3P1JAx6p3GeXvTRST5uD+NNVdkRCC6Z5i8Sn5BX6\n/ZBArsdGBM3SYjvwSIhVQq7F9YTNfCeQPa490+nGe2KM4SxADomINcRS2QwXe2d6\n/3TdqxfeMXePcUI/fEO0Ke03mJH21a/O3dsWAvW4ZKY7ohfC3h8r1GyvfbGdAoMy\nQ41p6BZVG2cZdyPYsBkih9RbXkjhw1yFBuxF2C07Pq3+cVRa54qO6Czfrk+vkZ/v\nO2j866ECgYEA5A9HiF8iuq9eoi/xa1EA2lK3akiPb+/TsZVX5/ieoUSZa/1V3ARc\nJatNUlNkEHAqW411448929gR/zFzGpFDRGSk+lMoxgWvdudeOrYwAg4vxvpYRRRU\nlXXWouPHCA1ulT2C9uVhkuuDknIvEscHNb9cDKVSVQEUiO0zL91cVIsCgYEAxJGl\nHsv99S/fa/yCA7KX75lrA6GQZW4SaPTvNLbikhxzmfb95c2vCU3dblt+AJazEB8z\n70xULP7ldA9e9HzIqODJtArQ2qKLh4hoXSMvkUj1DMoAwNj0YT3awKbFFljkOEV4\nKsMP8U+CXNWyqsl7fKLl+1VIudKyCtKX3ToPtAkCgYEAqU8mnflzAQFc0i+hnThf\n17V88Wy5ADMeCEKFJnQO4E7bT66d5V9fQZ/xIWNDcGi1KY7VrIEVPXcltTzy5RBe\nzhGh4S2Hoatq3m1aKWBEN+JsWd5VVcOIIAWBuSA9DJ9cL3OhHMaiL76kyT338IrN\nsXtFTSYW/4BzzEu8qpY+C40CgYBZG6EbteO5G2uP21bg8Dv6DLU7XylDIcPMuoQZ\nhHJvQ+CPwizU2QnpENg5Z9ZV0/r2av6zEwnxn9dKZpFoCY05KTWmnWSSSC8yUH7n\nAcVVehpEIup2gaM+1bhtruwXNlK2w58221hFzwJMrT8iNtX46SuSZNXkDwRQ7aiU\nS/bEaQKBgQCpo0VWFdALRS9rUu1oSPI2fH5ZFosXwPSmxa3oFw1XTGrJIewYAT2F\nAfXAbUMk+FBexRtvKZZmZDx9ZMx7ehwFTsXx+UIcfGb3cBl8OCxJ0dqMyKx4gDo2\n4k3QdedrsgE7VKPAwy2p7RC8ye/3tkXIjYvBFrWG2itQ6k6Y1cB9Zw==\n-----END RSA PRIVATE KEY-----\n",
            "ready_for_renewal": false,
            "set_authority_key_id": false,
            "set_subject_key_id": false,
            "subject": [
              {
                "common_name": "quest.local",
                "country": null,
                "email_address": null,
                "locality": null,
                "organization": "Quest Organization",
                "organizational_unit": null,
                "postal_code": null,
                "province": null,
                "serial_number": null,
                "street_address": null
              }
            ],
            "uris": null,
            "validity_end_time": "2026-12-08T13:46:49.138557-05:00",
            "validity_period_hours": 8760,
            "validity_start_time": "2025-12-08T13:46:49.138557-05:00"
          },
          "sensitive_attributes": [
            [
              {
                "type": "get_attr",
                "value": "private_key_pem"
              }
            ]
          ],
          "dependencies": [
            "tls_private_key.example"
          ]
        }
      ]
    }
  ],
  "check_results": null
}
